
Microsoft Visual Studio Solution File, Format Version 12.00
Project("{FAE04EC0-301F-11D3-BF4B-00C04F79EFBC}") = "database", "src\database\database\database.csproj", "{1EAEA121-A4A3-48D3-9EC4-A915CBED8517}"
EndProject
Project("{2150E333-8FDC-42A3-9474-1A3956D46DE8}") = "src", "src", "{D7FA8C54-30C6-4398-A89A-04CDB6D2120E}"
EndProject
Project("{2150E333-8FDC-42A3-9474-1A3956D46DE8}") = "database", "database", "{C77420F4-8700-4245-AB60-8091676BABE4}"
EndProject
Project("{FAE04EC0-301F-11D3-BF4B-00C04F79EFBC}") = "migration", "src\database\migration\migration.csproj", "{2F7C59C7-D77C-4A2A-9422-363F349CA889}"
EndProject
Project("{2150E333-8FDC-42A3-9474-1A3956D46DE8}") = "downloader", "downloader", "{CE4D1D41-8B5D-4CB2-A8F4-13DACE248BA5}"
EndProject
Project("{FAE04EC0-301F-11D3-BF4B-00C04F79EFBC}") = "finam-downloader", "src\downloader\finam-downloader\finam-downloader.csproj", "{CE9AB219-9B05-4712-823B-8CF11E033CA6}"
EndProject
Project("{2150E333-8FDC-42A3-9474-1A3956D46DE8}") = "test", "test", "{3B0286A6-10F4-428D-B7CE-2A7484BD6DB3}"
EndProject
Project("{2150E333-8FDC-42A3-9474-1A3956D46DE8}") = "downloader", "downloader", "{319894DF-4E24-4B0E-BAD0-7F6AD7EF5BDD}"
EndProject
Project("{FAE04EC0-301F-11D3-BF4B-00C04F79EFBC}") = "finam-downloader-test", "test\downloader\finam-downloader-test\finam-downloader-test.csproj", "{42A389A2-8034-4941-984D-71718C2C9041}"
EndProject
Project("{2150E333-8FDC-42A3-9474-1A3956D46DE8}") = "app-core", "app-core", "{3A1F2A94-115E-4462-9DEB-15E88E4911E7}"
EndProject
Project("{FAE04EC0-301F-11D3-BF4B-00C04F79EFBC}") = "AppCore", "src\app-core\AppCore\AppCore.csproj", "{F00F4519-F637-4C44-8644-DFEE860EB4A0}"
EndProject
Project("{FAE04EC0-301F-11D3-BF4B-00C04F79EFBC}") = "downloader-interactor", "src\downloader\downloader-interactor\downloader-interactor.csproj", "{309EF3F6-E00A-4024-821C-ED761F5279FE}"
EndProject
Project("{FAE04EC0-301F-11D3-BF4B-00C04F79EFBC}") = "WebService", "src\WebService\WebService.csproj", "{5AED3049-207B-471D-BCC5-0060B08BC999}"
EndProject
Project("{2150E333-8FDC-42A3-9474-1A3956D46DE8}") = "database", "database", "{9E8764D6-FAE5-42CA-8E2C-F2C395D24AFF}"
EndProject
Project("{FAE04EC0-301F-11D3-BF4B-00C04F79EFBC}") = "database-test", "test\database\database-test\database-test.csproj", "{8420AA88-4045-4799-99C9-5BB2BA24A7AC}"
EndProject
Project("{FAE04EC0-301F-11D3-BF4B-00C04F79EFBC}") = "WebServiceTest", "test\WebServiceTest\WebServiceTest.csproj", "{282D3032-674C-4C44-8AE2-2A0A52DF9FAC}"
EndProject
Project("{2150E333-8FDC-42A3-9474-1A3956D46DE8}") = "app-core", "app-core", "{AC32C136-2332-4A19-BCCE-C6BB68ADA3A0}"
EndProject
Project("{FAE04EC0-301F-11D3-BF4B-00C04F79EFBC}") = "AppCoreTest", "test\app-core\AppCoreTest\AppCoreTest.csproj", "{4C3766CB-B42A-486D-84F3-436A824583DB}"
EndProject
Global
	GlobalSection(SolutionConfigurationPlatforms) = preSolution
		Debug|Any CPU = Debug|Any CPU
		Release|Any CPU = Release|Any CPU
	EndGlobalSection
	GlobalSection(ProjectConfigurationPlatforms) = postSolution
		{1EAEA121-A4A3-48D3-9EC4-A915CBED8517}.Debug|Any CPU.ActiveCfg = Debug|Any CPU
		{1EAEA121-A4A3-48D3-9EC4-A915CBED8517}.Debug|Any CPU.Build.0 = Debug|Any CPU
		{1EAEA121-A4A3-48D3-9EC4-A915CBED8517}.Release|Any CPU.ActiveCfg = Release|Any CPU
		{1EAEA121-A4A3-48D3-9EC4-A915CBED8517}.Release|Any CPU.Build.0 = Release|Any CPU
		{2F7C59C7-D77C-4A2A-9422-363F349CA889}.Debug|Any CPU.ActiveCfg = Debug|Any CPU
		{2F7C59C7-D77C-4A2A-9422-363F349CA889}.Debug|Any CPU.Build.0 = Debug|Any CPU
		{2F7C59C7-D77C-4A2A-9422-363F349CA889}.Release|Any CPU.ActiveCfg = Release|Any CPU
		{2F7C59C7-D77C-4A2A-9422-363F349CA889}.Release|Any CPU.Build.0 = Release|Any CPU
		{CE9AB219-9B05-4712-823B-8CF11E033CA6}.Debug|Any CPU.ActiveCfg = Debug|Any CPU
		{CE9AB219-9B05-4712-823B-8CF11E033CA6}.Debug|Any CPU.Build.0 = Debug|Any CPU
		{CE9AB219-9B05-4712-823B-8CF11E033CA6}.Release|Any CPU.ActiveCfg = Release|Any CPU
		{CE9AB219-9B05-4712-823B-8CF11E033CA6}.Release|Any CPU.Build.0 = Release|Any CPU
		{42A389A2-8034-4941-984D-71718C2C9041}.Debug|Any CPU.ActiveCfg = Debug|Any CPU
		{42A389A2-8034-4941-984D-71718C2C9041}.Debug|Any CPU.Build.0 = Debug|Any CPU
		{42A389A2-8034-4941-984D-71718C2C9041}.Release|Any CPU.ActiveCfg = Release|Any CPU
		{42A389A2-8034-4941-984D-71718C2C9041}.Release|Any CPU.Build.0 = Release|Any CPU
		{F00F4519-F637-4C44-8644-DFEE860EB4A0}.Debug|Any CPU.ActiveCfg = Debug|Any CPU
		{F00F4519-F637-4C44-8644-DFEE860EB4A0}.Debug|Any CPU.Build.0 = Debug|Any CPU
		{F00F4519-F637-4C44-8644-DFEE860EB4A0}.Release|Any CPU.ActiveCfg = Release|Any CPU
		{F00F4519-F637-4C44-8644-DFEE860EB4A0}.Release|Any CPU.Build.0 = Release|Any CPU
		{309EF3F6-E00A-4024-821C-ED761F5279FE}.Debug|Any CPU.ActiveCfg = Debug|Any CPU
		{309EF3F6-E00A-4024-821C-ED761F5279FE}.Debug|Any CPU.Build.0 = Debug|Any CPU
		{309EF3F6-E00A-4024-821C-ED761F5279FE}.Release|Any CPU.ActiveCfg = Release|Any CPU
		{309EF3F6-E00A-4024-821C-ED761F5279FE}.Release|Any CPU.Build.0 = Release|Any CPU
		{5AED3049-207B-471D-BCC5-0060B08BC999}.Debug|Any CPU.ActiveCfg = Debug|Any CPU
		{5AED3049-207B-471D-BCC5-0060B08BC999}.Debug|Any CPU.Build.0 = Debug|Any CPU
		{5AED3049-207B-471D-BCC5-0060B08BC999}.Release|Any CPU.ActiveCfg = Release|Any CPU
		{5AED3049-207B-471D-BCC5-0060B08BC999}.Release|Any CPU.Build.0 = Release|Any CPU
		{8420AA88-4045-4799-99C9-5BB2BA24A7AC}.Debug|Any CPU.ActiveCfg = Debug|Any CPU
		{8420AA88-4045-4799-99C9-5BB2BA24A7AC}.Debug|Any CPU.Build.0 = Debug|Any CPU
		{8420AA88-4045-4799-99C9-5BB2BA24A7AC}.Release|Any CPU.ActiveCfg = Release|Any CPU
		{8420AA88-4045-4799-99C9-5BB2BA24A7AC}.Release|Any CPU.Build.0 = Release|Any CPU
		{282D3032-674C-4C44-8AE2-2A0A52DF9FAC}.Debug|Any CPU.ActiveCfg = Debug|Any CPU
		{282D3032-674C-4C44-8AE2-2A0A52DF9FAC}.Debug|Any CPU.Build.0 = Debug|Any CPU
		{282D3032-674C-4C44-8AE2-2A0A52DF9FAC}.Release|Any CPU.ActiveCfg = Release|Any CPU
		{282D3032-674C-4C44-8AE2-2A0A52DF9FAC}.Release|Any CPU.Build.0 = Release|Any CPU
		{4C3766CB-B42A-486D-84F3-436A824583DB}.Debug|Any CPU.ActiveCfg = Debug|Any CPU
		{4C3766CB-B42A-486D-84F3-436A824583DB}.Debug|Any CPU.Build.0 = Debug|Any CPU
		{4C3766CB-B42A-486D-84F3-436A824583DB}.Release|Any CPU.ActiveCfg = Release|Any CPU
		{4C3766CB-B42A-486D-84F3-436A824583DB}.Release|Any CPU.Build.0 = Release|Any CPU
	EndGlobalSection
	GlobalSection(NestedProjects) = preSolution
		{C77420F4-8700-4245-AB60-8091676BABE4} = {D7FA8C54-30C6-4398-A89A-04CDB6D2120E}
		{1EAEA121-A4A3-48D3-9EC4-A915CBED8517} = {C77420F4-8700-4245-AB60-8091676BABE4}
		{2F7C59C7-D77C-4A2A-9422-363F349CA889} = {C77420F4-8700-4245-AB60-8091676BABE4}
		{CE4D1D41-8B5D-4CB2-A8F4-13DACE248BA5} = {D7FA8C54-30C6-4398-A89A-04CDB6D2120E}
		{CE9AB219-9B05-4712-823B-8CF11E033CA6} = {CE4D1D41-8B5D-4CB2-A8F4-13DACE248BA5}
		{319894DF-4E24-4B0E-BAD0-7F6AD7EF5BDD} = {3B0286A6-10F4-428D-B7CE-2A7484BD6DB3}
		{42A389A2-8034-4941-984D-71718C2C9041} = {319894DF-4E24-4B0E-BAD0-7F6AD7EF5BDD}
		{3A1F2A94-115E-4462-9DEB-15E88E4911E7} = {D7FA8C54-30C6-4398-A89A-04CDB6D2120E}
		{F00F4519-F637-4C44-8644-DFEE860EB4A0} = {3A1F2A94-115E-4462-9DEB-15E88E4911E7}
		{309EF3F6-E00A-4024-821C-ED761F5279FE} = {CE4D1D41-8B5D-4CB2-A8F4-13DACE248BA5}
		{5AED3049-207B-471D-BCC5-0060B08BC999} = {D7FA8C54-30C6-4398-A89A-04CDB6D2120E}
		{9E8764D6-FAE5-42CA-8E2C-F2C395D24AFF} = {3B0286A6-10F4-428D-B7CE-2A7484BD6DB3}
		{8420AA88-4045-4799-99C9-5BB2BA24A7AC} = {9E8764D6-FAE5-42CA-8E2C-F2C395D24AFF}
		{282D3032-674C-4C44-8AE2-2A0A52DF9FAC} = {3B0286A6-10F4-428D-B7CE-2A7484BD6DB3}
		{AC32C136-2332-4A19-BCCE-C6BB68ADA3A0} = {3B0286A6-10F4-428D-B7CE-2A7484BD6DB3}
		{4C3766CB-B42A-486D-84F3-436A824583DB} = {AC32C136-2332-4A19-BCCE-C6BB68ADA3A0}
	EndGlobalSection
EndGlobal
